
Microsoft Visual Studio Solution File, Format Version 12.00
# Visual Studio Version 16
VisualStudioVersion = 16.0.29001.49
MinimumVisualStudioVersion = 10.0.40219.1
Project("{FAE04EC0-301F-11D3-BF4B-00C04F79EFBC}") = "my hotel", "my hoyel\my hotel.csproj", "{542FCA24-F728-42AB-A6AD-A2072FF15E03}"
EndProject
Global
	GlobalSection(SolutionConfigurationPlatforms) = preSolution
		Debug|Any CPU = Debug|Any CPU
		Release|Any CPU = Release|Any CPU
	EndGlobalSection
	GlobalSection(ProjectConfigurationPlatforms) = postSolution
		{542FCA24-F728-42AB-A6AD-A2072FF15E03}.Debug|Any CPU.ActiveCfg = Debug|Any CPU
		{542FCA24-F728-42AB-A6AD-A2072FF15E03}.Debug|Any CPU.Build.0 = Debug|Any CPU
		{542FCA24-F728-42AB-A6AD-A2072FF15E03}.Release|Any CPU.ActiveCfg = Release|Any CPU
		{542FCA24-F728-42AB-A6AD-A2072FF15E03}.Release|Any CPU.Build.0 = Release|Any CPU
	EndGlobalSection
	GlobalSection(SolutionProperties) = preSolution
		HideSolutionNode = FALSE
	EndGlobalSection
	GlobalSection(ExtensibilityGlobals) = postSolution
		SolutionGuid = {CA97C07B-1A0A-475D-A8E9-D48C1848F311}
	EndGlobalSection
EndGlobal
